
Microsoft Visual Studio Solution File, Format Version 12.00
# Visual Studio Version 16
VisualStudioVersion = 16.0.31005.135
MinimumVisualStudioVersion = 10.0.40219.1
Project("{FAE04EC0-301F-11D3-BF4B-00C04F79EFBC}") = "Notas-Promedio (EjercicioUno)", "Notas-Promedio (EjercicioUno)\Notas-Promedio (EjercicioUno).csproj", "{C79AE523-36D7-449C-8745-54360A028BE4}"
EndProject
Global
	GlobalSection(SolutionConfigurationPlatforms) = preSolution
		Debug|Any CPU = Debug|Any CPU
		Release|Any CPU = Release|Any CPU
	EndGlobalSection
	GlobalSection(ProjectConfigurationPlatforms) = postSolution
		{C79AE523-36D7-449C-8745-54360A028BE4}.Debug|Any CPU.ActiveCfg = Debug|Any CPU
		{C79AE523-36D7-449C-8745-54360A028BE4}.Debug|Any CPU.Build.0 = Debug|Any CPU
		{C79AE523-36D7-449C-8745-54360A028BE4}.Release|Any CPU.ActiveCfg = Release|Any CPU
		{C79AE523-36D7-449C-8745-54360A028BE4}.Release|Any CPU.Build.0 = Release|Any CPU
	EndGlobalSection
	GlobalSection(SolutionProperties) = preSolution
		HideSolutionNode = FALSE
	EndGlobalSection
	GlobalSection(ExtensibilityGlobals) = postSolution
		SolutionGuid = {C02669AF-2248-4977-937D-EA430C76D1E9}
	EndGlobalSection
EndGlobal
